// !$*UTF8*$!
{
    archiveVersion = 1;
    classes = {};
    objectVersion = 77;
    objects = {
        A00000000000000000000001 = {
            isa = PBXProject;
            attributes = { BuildIndependentTargetsInParallel = YES; LastUpgradeCheck = 2600; };
            buildConfigurationList = A00000000000000000000010;
            compatibilityVersion = "Xcode 16.0";
            developmentRegion = en;
            hasScannedForEncodings = 0;
            knownRegions = (en, ar, Base);
            mainGroup = A00000000000000000000002;
            preferredProjectObjectVersion = 77;
            productRefGroup = A00000000000000000000003;
            projectDirPath = "";
            projectRoot = "";
            targets = (A00000000000000000000006);
        };
        A00000000000000000000002 = {
            isa = PBXGroup;
            children = (A00000000000000000000004, A00000000000000000000005, A00000000000000000000003);
            sourceTree = "<group>";
        };
        A00000000000000000000003 = {
            isa = PBXGroup; name = Products;
            children = (A00000000000000000000007); sourceTree = "<group>";
        };
        A00000000000000000000004 = {
            isa = PBXFileSystemSynchronizedRootGroup;
            path = Sources/FlowCore; sourceTree = "<group>";
        };
        A00000000000000000000005 = {
            isa = PBXFileSystemSynchronizedRootGroup;
            path = Sources/Flowstate; sourceTree = "<group>";
        };
        A00000000000000000000006 = {
            isa = PBXNativeTarget;
            buildConfigurationList = A00000000000000000000011;
            buildPhases = (A00000000000000000000008, A00000000000000000000009);
            buildRules = (); dependencies = ();
            fileSystemSynchronizedGroups = (A00000000000000000000004, A00000000000000000000005);
            name = Flowstate; productName = Flowstate;
            productReference = A00000000000000000000007;
            productType = "com.apple.product-type.application";
        };
        A00000000000000000000007 = {
            isa = PBXFileReference; explicitFileType = wrapper.application;
            path = Flowstate.app; sourceTree = BUILT_PRODUCTS_DIR;
        };
        A00000000000000000000008 = {
            isa = PBXSourcesBuildPhase; buildActionMask = 2147483647; files = (); runOnlyForDeploymentPostprocessing = 0;
        };
        A00000000000000000000009 = {
            isa = PBXFrameworksBuildPhase; buildActionMask = 2147483647; files = (); runOnlyForDeploymentPostprocessing = 0;
        };
        A00000000000000000000010 = {
            isa = XCConfigurationList;
            buildConfigurations = (A00000000000000000000012, A00000000000000000000013);
            defaultConfigurationIsVisible = 0; defaultConfigurationName = Release;
        };
        A00000000000000000000011 = {
            isa = XCConfigurationList;
            buildConfigurations = (A00000000000000000000014, A00000000000000000000015);
            defaultConfigurationIsVisible = 0; defaultConfigurationName = Release;
        };
        A00000000000000000000012 = {
            isa = XCBuildConfiguration; name = Debug;
            buildSettings = {
                CLANG_ENABLE_MODULES = YES; SWIFT_VERSION = 6.0;
                SWIFT_OPTIMIZATION_LEVEL = "-Onone"; SWIFT_ACTIVE_COMPILATION_CONDITIONS = DEBUG;
                MACOSX_DEPLOYMENT_TARGET = 26.0; IPHONEOS_DEPLOYMENT_TARGET = 26.0;
                ENABLE_TESTABILITY = YES;
            };
        };
        A00000000000000000000013 = {
            isa = XCBuildConfiguration; name = Release;
            buildSettings = {
                CLANG_ENABLE_MODULES = YES; SWIFT_VERSION = 6.0;
                SWIFT_COMPILATION_MODE = wholemodule;
                MACOSX_DEPLOYMENT_TARGET = 26.0; IPHONEOS_DEPLOYMENT_TARGET = 26.0;
            };
        };
        A00000000000000000000014 = {
            isa = XCBuildConfiguration; name = Debug;
            buildSettings = {
                PRODUCT_BUNDLE_IDENTIFIER = local.flowstate.poc; PRODUCT_NAME = "$(TARGET_NAME)";
                GENERATE_INFOPLIST_FILE = YES; INFOPLIST_KEY_CFBundleDisplayName = Flowstate;
                INFOPLIST_KEY_UILaunchScreen_Generation = YES;
                INFOPLIST_KEY_UIApplicationSceneManifest_Generation = YES;
                CODE_SIGN_STYLE = Automatic; ENABLE_APP_SANDBOX = YES;
                ENABLE_USER_SELECTED_FILES = readwrite;
                SDKROOT = auto; SUPPORTED_PLATFORMS = "macosx iphoneos iphonesimulator";
                SUPPORTS_MACCATALYST = NO; TARGETED_DEVICE_FAMILY = "1,2";
                CURRENT_PROJECT_VERSION = 1; MARKETING_VERSION = 0.1;
            };
        };
        A00000000000000000000015 = {
            isa = XCBuildConfiguration; name = Release;
            buildSettings = {
                PRODUCT_BUNDLE_IDENTIFIER = local.flowstate.poc; PRODUCT_NAME = "$(TARGET_NAME)";
                GENERATE_INFOPLIST_FILE = YES; INFOPLIST_KEY_CFBundleDisplayName = Flowstate;
                INFOPLIST_KEY_UILaunchScreen_Generation = YES;
                INFOPLIST_KEY_UIApplicationSceneManifest_Generation = YES;
                CODE_SIGN_STYLE = Automatic; ENABLE_APP_SANDBOX = YES;
                ENABLE_USER_SELECTED_FILES = readwrite;
                SDKROOT = auto; SUPPORTED_PLATFORMS = "macosx iphoneos iphonesimulator";
                SUPPORTS_MACCATALYST = NO; TARGETED_DEVICE_FAMILY = "1,2";
                CURRENT_PROJECT_VERSION = 1; MARKETING_VERSION = 0.1;
            };
        };
    };
    rootObject = A00000000000000000000001;
}
